
Microsoft Visual Studio Solution File, Format Version 12.00
# Visual Studio Version 16
VisualStudioVersion = 16.0.30523.141
MinimumVisualStudioVersion = 10.0.40219.1
Project("{FAE04EC0-301F-11D3-BF4B-00C04F79EFBC}") = "Superheroes_Triggers", "Superheroes_Triggers.csproj", "{113C54F8-1B04-49ED-89EF-BF690F0B05CD}"
EndProject
Global
	GlobalSection(SolutionConfigurationPlatforms) = preSolution
		Debug|Any CPU = Debug|Any CPU
		Release|Any CPU = Release|Any CPU
	EndGlobalSection
	GlobalSection(ProjectConfigurationPlatforms) = postSolution
		{113C54F8-1B04-49ED-89EF-BF690F0B05CD}.Debug|Any CPU.ActiveCfg = Debug|Any CPU
		{113C54F8-1B04-49ED-89EF-BF690F0B05CD}.Debug|Any CPU.Build.0 = Debug|Any CPU
		{113C54F8-1B04-49ED-89EF-BF690F0B05CD}.Release|Any CPU.ActiveCfg = Release|Any CPU
		{113C54F8-1B04-49ED-89EF-BF690F0B05CD}.Release|Any CPU.Build.0 = Release|Any CPU
	EndGlobalSection
	GlobalSection(SolutionProperties) = preSolution
		HideSolutionNode = FALSE
	EndGlobalSection
	GlobalSection(ExtensibilityGlobals) = postSolution
		SolutionGuid = {D90DAF1E-9765-439E-873F-AD1B8BA15359}
	EndGlobalSection
EndGlobal
